github.com/hjson/hjson-go/v4 v4.2.0 h1:GBa/BfCg/68J0dB/ztAYJtVecXpalG4nZkY4UusGZXQ=
github.com/hjson/hjson-go/v4 v4.2.0/go.mod h1:KaYt3bTw3zhBjYqnXkYywcYctk0A2nxeEFTse3rH13E=
github.com/plus3it/gorecurcopy v0.0.1 h1:H7AgvM0N/uIo7o1PQRlewEGQ92BNr7DqbPy5lnR3uJI=
github.com/plus3it/gorecurcopy v0.0.1/go.mod h1:NvVTm4RX68A1vQbHmHunDO4OtBLVroT6CrsiqAzNyJA=
golang.org/x/net v0.0.0-20220927171203-f486391704dc h1:FxpXZdoBqT8RjqTy6i1E8nXHhW21wK7ptQ/EPIGxzPQ=
golang.org/x/net v0.0.0-20220927171203-f486391704dc/go.mod h1:YDH+HFinaLZZlnHAfSS6ZXJJ9M9t4Dl22yv3iI2vPwk=
